<?xml version="1.0" encoding="utf-8"?>
<Project ToolsVersion="4.0" xmlns="http://schemas.microsoft.com/developer/msbuild/2003">
  <ItemGroup>
    <ClCompile Include="Main.cpp" />
    <ClCompile Include="ThomasTankAudio.cpp">
      <Filter>ThomasTankEngine</Filter>
    </ClCompile>
    <ClCompile Include="ThomasTankDisplay.cpp">
      <Filter>ThomasTankEngine</Filter>
    </ClCompile>
    <ClCompile Include="ThomasTankEngine.cpp">
      <Filter>ThomasTankEngine</Filter>
    </ClCompile>
    <ClCompile Include="ThomasTankPhysics.cpp">
      <Filter>ThomasTankEngine</Filter>
    </ClCompile>
    <ClCompile Include="SceneGraph.cpp">
      <Filter>ThomasTankEngine</Filter>
    </ClCompile>
    <ClCompile Include="ThomasTankSplash.cpp">
      <Filter>ThomasTankEngine</Filter>
    </ClCompile>
  </ItemGroup>
  <ItemGroup>
    <ClInclude Include="ThomasTankAudio.h">
      <Filter>ThomasTankEngine</Filter>
    </ClInclude>
    <ClInclude Include="ThomasTankDisplay.h">
      <Filter>ThomasTankEngine</Filter>
    </ClInclude>
    <ClInclude Include="ThomasTankEngine.h">
      <Filter>ThomasTankEngine</Filter>
    </ClInclude>
    <ClInclude Include="ThomasTankPhysics.h">
      <Filter>ThomasTankEngine</Filter>
    </ClInclude>
    <ClInclude Include="SceneGraph.h">
      <Filter>ThomasTankEngine</Filter>
    </ClInclude>
    <ClInclude Include="ThomasTankSplash.h">
      <Filter>ThomasTankEngine</Filter>
    </ClInclude>
  </ItemGroup>
  <ItemGroup>
    <Filter Include="ThomasTankEngine">
      <UniqueIdentifier>{972e5b7e-e46e-4a35-a1f6-03a074cff118}</UniqueIdentifier>
    </Filter>
  </ItemGroup>
</Project>